
Microsoft Visual Studio Solution File, Format Version 12.00
# Visual Studio Version 16
VisualStudioVersion = 16.0.30413.136
MinimumVisualStudioVersion = 10.0.40219.1
Project("{FAE04EC0-301F-11D3-BF4B-00C04F79EFBC}") = "MVC", "MVC\MVC.csproj", "{7CF06FE4-3ED9-46DB-A295-99BB291D7DEB}"
EndProject
Project("{FAE04EC0-301F-11D3-BF4B-00C04F79EFBC}") = "Services", "Services\Services.csproj", "{8EAE9D58-F959-4385-A424-AF290EFC191B}"
EndProject
Project("{FAE04EC0-301F-11D3-BF4B-00C04F79EFBC}") = "Entities", "Entities\Entities.csproj", "{8C8BB8E3-3D32-4640-AD89-985E419D748F}"
EndProject
Project("{FAE04EC0-301F-11D3-BF4B-00C04F79EFBC}") = "Repositories", "Repositories\Repositories.csproj", "{6AE280C5-6400-40F1-BB27-7B60ACEBABC1}"
EndProject
Global
	GlobalSection(SolutionConfigurationPlatforms) = preSolution
		Debug|Any CPU = Debug|Any CPU
		Release|Any CPU = Release|Any CPU
	EndGlobalSection
	GlobalSection(ProjectConfigurationPlatforms) = postSolution
		{7CF06FE4-3ED9-46DB-A295-99BB291D7DEB}.Debug|Any CPU.ActiveCfg = Debug|Any CPU
		{7CF06FE4-3ED9-46DB-A295-99BB291D7DEB}.Debug|Any CPU.Build.0 = Debug|Any CPU
		{7CF06FE4-3ED9-46DB-A295-99BB291D7DEB}.Release|Any CPU.ActiveCfg = Release|Any CPU
		{7CF06FE4-3ED9-46DB-A295-99BB291D7DEB}.Release|Any CPU.Build.0 = Release|Any CPU
		{8EAE9D58-F959-4385-A424-AF290EFC191B}.Debug|Any CPU.ActiveCfg = Debug|Any CPU
		{8EAE9D58-F959-4385-A424-AF290EFC191B}.Debug|Any CPU.Build.0 = Debug|Any CPU
		{8EAE9D58-F959-4385-A424-AF290EFC191B}.Release|Any CPU.ActiveCfg = Release|Any CPU
		{8EAE9D58-F959-4385-A424-AF290EFC191B}.Release|Any CPU.Build.0 = Release|Any CPU
		{8C8BB8E3-3D32-4640-AD89-985E419D748F}.Debug|Any CPU.ActiveCfg = Debug|Any CPU
		{8C8BB8E3-3D32-4640-AD89-985E419D748F}.Debug|Any CPU.Build.0 = Debug|Any CPU
		{8C8BB8E3-3D32-4640-AD89-985E419D748F}.Release|Any CPU.ActiveCfg = Release|Any CPU
		{8C8BB8E3-3D32-4640-AD89-985E419D748F}.Release|Any CPU.Build.0 = Release|Any CPU
		{6AE280C5-6400-40F1-BB27-7B60ACEBABC1}.Debug|Any CPU.ActiveCfg = Debug|Any CPU
		{6AE280C5-6400-40F1-BB27-7B60ACEBABC1}.Debug|Any CPU.Build.0 = Debug|Any CPU
		{6AE280C5-6400-40F1-BB27-7B60ACEBABC1}.Release|Any CPU.ActiveCfg = Release|Any CPU
		{6AE280C5-6400-40F1-BB27-7B60ACEBABC1}.Release|Any CPU.Build.0 = Release|Any CPU
	EndGlobalSection
	GlobalSection(SolutionProperties) = preSolution
		HideSolutionNode = FALSE
	EndGlobalSection
	GlobalSection(ExtensibilityGlobals) = postSolution
		SolutionGuid = {45DBA859-294A-4BCF-ACBD-F16F0185137C}
	EndGlobalSection
EndGlobal
